
Microsoft Visual Studio Solution File, Format Version 12.00
# Visual Studio 14
VisualStudioVersion = 14.0.23107.0
MinimumVisualStudioVersion = 10.0.40219.1
Project("{FAE04EC0-301F-11D3-BF4B-00C04F79EFBC}") = "RedisL1", "RedisL1\RedisL1.csproj", "{B2319D19-F48A-4C99-99D8-98145C30562E}"
EndProject
Project("{FAE04EC0-301F-11D3-BF4B-00C04F79EFBC}") = "RedisL1.Test", "RedisL1.Test\RedisL1.Test.csproj", "{B6668C4C-6441-4858-B6BA-9890CBC95C61}"
EndProject
Global
	GlobalSection(SolutionConfigurationPlatforms) = preSolution
		Debug|Any CPU = Debug|Any CPU
		Release|Any CPU = Release|Any CPU
	EndGlobalSection
	GlobalSection(ProjectConfigurationPlatforms) = postSolution
		{B2319D19-F48A-4C99-99D8-98145C30562E}.Debug|Any CPU.ActiveCfg = Debug|Any CPU
		{B2319D19-F48A-4C99-99D8-98145C30562E}.Debug|Any CPU.Build.0 = Debug|Any CPU
		{B2319D19-F48A-4C99-99D8-98145C30562E}.Release|Any CPU.ActiveCfg = Release|Any CPU
		{B2319D19-F48A-4C99-99D8-98145C30562E}.Release|Any CPU.Build.0 = Release|Any CPU
		{B6668C4C-6441-4858-B6BA-9890CBC95C61}.Debug|Any CPU.ActiveCfg = Debug|Any CPU
		{B6668C4C-6441-4858-B6BA-9890CBC95C61}.Debug|Any CPU.Build.0 = Debug|Any CPU
		{B6668C4C-6441-4858-B6BA-9890CBC95C61}.Release|Any CPU.ActiveCfg = Release|Any CPU
		{B6668C4C-6441-4858-B6BA-9890CBC95C61}.Release|Any CPU.Build.0 = Release|Any CPU
	EndGlobalSection
	GlobalSection(SolutionProperties) = preSolution
		HideSolutionNode = FALSE
	EndGlobalSection
EndGlobal
